
Microsoft Visual Studio Solution File, Format Version 12.00
# Visual Studio Version 17
VisualStudioVersion = 17.10.34916.146
MinimumVisualStudioVersion = 10.0.40219.1
Project("{FAE04EC0-301F-11D3-BF4B-00C04F79EFBC}") = "SharpShellNet8Demo", "SharpShellNet8Demo\SharpShellNet8Demo.csproj", "{CE97C662-0343-4FD4-AB20-EF11D3254D75}"
EndProject
Global
	GlobalSection(SolutionConfigurationPlatforms) = preSolution
		Debug|Any CPU = Debug|Any CPU
		Release|Any CPU = Release|Any CPU
	EndGlobalSection
	GlobalSection(ProjectConfigurationPlatforms) = postSolution
		{CE97C662-0343-4FD4-AB20-EF11D3254D75}.Debug|Any CPU.ActiveCfg = Debug|Any CPU
		{CE97C662-0343-4FD4-AB20-EF11D3254D75}.Debug|Any CPU.Build.0 = Debug|Any CPU
		{CE97C662-0343-4FD4-AB20-EF11D3254D75}.Release|Any CPU.ActiveCfg = Release|Any CPU
		{CE97C662-0343-4FD4-AB20-EF11D3254D75}.Release|Any CPU.Build.0 = Release|Any CPU
	EndGlobalSection
	GlobalSection(SolutionProperties) = preSolution
		HideSolutionNode = FALSE
	EndGlobalSection
	GlobalSection(ExtensibilityGlobals) = postSolution
		SolutionGuid = {5237CF0B-85E0-4643-9345-3E9FA6AC205E}
	EndGlobalSection
EndGlobal
